
Microsoft Visual Studio Solution File, Format Version 12.00
# Visual Studio Version 17
VisualStudioVersion = 17.7.34031.279
MinimumVisualStudioVersion = 10.0.40219.1
Project("{FAE04EC0-301F-11D3-BF4B-00C04F79EFBC}") = "GenericsTask", "GenericsTask\GenericsTask.csproj", "{6B1B2E22-7796-480C-8BB3-1D821E864E14}"
EndProject
Global
	GlobalSection(SolutionConfigurationPlatforms) = preSolution
		Debug|Any CPU = Debug|Any CPU
		Release|Any CPU = Release|Any CPU
	EndGlobalSection
	GlobalSection(ProjectConfigurationPlatforms) = postSolution
		{6B1B2E22-7796-480C-8BB3-1D821E864E14}.Debug|Any CPU.ActiveCfg = Debug|Any CPU
		{6B1B2E22-7796-480C-8BB3-1D821E864E14}.Debug|Any CPU.Build.0 = Debug|Any CPU
		{6B1B2E22-7796-480C-8BB3-1D821E864E14}.Release|Any CPU.ActiveCfg = Release|Any CPU
		{6B1B2E22-7796-480C-8BB3-1D821E864E14}.Release|Any CPU.Build.0 = Release|Any CPU
	EndGlobalSection
	GlobalSection(SolutionProperties) = preSolution
		HideSolutionNode = FALSE
	EndGlobalSection
	GlobalSection(ExtensibilityGlobals) = postSolution
		SolutionGuid = {CB874FF4-973F-4E22-BF2A-EA2E82E3833F}
	EndGlobalSection
EndGlobal
